# This file is generated by running "yarn install" inside your project.
# Manual changes might be lost - proceed with caution!

__metadata:
  version: 8
  cacheKey: 10

"@storybook/root@workspace:.":
  version: 0.0.0-use.local
  resolution: "@storybook/root@workspace:."
  dependencies:
    react-device-detect: "npm:^2.2.3"
  languageName: unknown
  linkType: soft

"react-device-detect@npm:^2.2.3":
  version: 2.2.3
  resolution: "react-device-detect@npm:2.2.3"
  dependencies:
    ua-parser-js: "npm:^1.0.33"
  peerDependencies:
    react: ">= 0.14.0"
    react-dom: ">= 0.14.0"
  checksum: 7152e2b216b3bb6fd75c7859d3441b89658695c629a13c5d374f076756705650be585d5c4dc19d9d34908ef1b61f19b52f1055d74dd7104b77d1b6f897ee09e0
  languageName: node
  linkType: hard

"ua-parser-js@npm:^1.0.33":
  version: 1.0.37
  resolution: "ua-parser-js@npm:1.0.37"
  checksum: 56508f2428ebac64382c4d41da14189e5013e3e2a5f5918aff4bee3ba77df1f4eaad6f81f90c24999f1cf12cc1596764684497fec07e0ff5182ce9a323a8c05b
  languageName: node
  linkType: hard
