# This file is generated by running "yarn install" inside your project.
# Manual changes might be lost - proceed with caution!

__metadata:
  version: 8
  cacheKey: 10

"@types/acorn@npm:^4.0.0":
  version: 4.0.6
  resolution: "@types/acorn@npm:4.0.6"
  dependencies:
    "@types/estree": "npm:*"
  checksum: e00671d5055d06b07feccb8c2841467a4bdd1ab95a29e191d51cacc08c496e1ba1f54edeefab274bb2ba51cb45b0aaaa662a63897650e9d02e9997ad82124ae4
  languageName: node
  linkType: hard

"@types/debug@npm:^4.0.0":
  version: 4.1.12
  resolution: "@types/debug@npm:4.1.12"
  dependencies:
    "@types/ms": "npm:*"
  checksum: 47876a852de8240bfdaf7481357af2b88cb660d30c72e73789abf00c499d6bc7cd5e52f41c915d1b9cd8ec9fef5b05688d7b7aef17f7f272c2d04679508d1053
  languageName: node
  linkType: hard

"@types/estree-jsx@npm:^1.0.0":
  version: 1.0.4
  resolution: "@types/estree-jsx@npm:1.0.4"
  dependencies:
    "@types/estree": "npm:*"
  checksum: fb97b3226814e833689304759d8bac29d869ca4cfcfa36f2f3877fb9819f218a11396a28963607e1d0cc72363c3803bfe9a8b16a42924819824e63d10ec386db
  languageName: node
  linkType: hard

"@types/estree@npm:*, @types/estree@npm:^1.0.0":
  version: 1.0.5
  resolution: "@types/estree@npm:1.0.5"
  checksum: 7de6d928dd4010b0e20c6919e1a6c27b61f8d4567befa89252055fad503d587ecb9a1e3eab1b1901f923964d7019796db810b7fd6430acb26c32866d126fd408
  languageName: node
  linkType: hard

"@types/hast@npm:^3.0.0":
  version: 3.0.4
  resolution: "@types/hast@npm:3.0.4"
  dependencies:
    "@types/unist": "npm:*"
  checksum: 732920d81bb7605895776841b7658b4d8cc74a43a8fa176017cc0fb0ecc1a4c82a2b75a4fe6b71aa262b649d3fb62858c6789efa3793ea1d40269953af96ecb5
  languageName: node
  linkType: hard

"@types/mdast@npm:^4.0.0":
  version: 4.0.3
  resolution: "@types/mdast@npm:4.0.3"
  dependencies:
    "@types/unist": "npm:*"
  checksum: 6d2d8f00ffaff6663dd67ea9ab999a5e52066c001432a9b99947fa9e76bccba819dfca40e419588a637a70d42cd405071f5b76efd4ddeb1dc721353b7cc73623
  languageName: node
  linkType: hard

"@types/ms@npm:*":
  version: 0.7.34
  resolution: "@types/ms@npm:0.7.34"
  checksum: f38d36e7b6edecd9badc9cf50474159e9da5fa6965a75186cceaf883278611b9df6669dc3a3cc122b7938d317b68a9e3d573d316fcb35d1be47ec9e468c6bd8a
  languageName: node
  linkType: hard

"@types/node@npm:^20.11.17":
  version: 20.11.17
  resolution: "@types/node@npm:20.11.17"
  dependencies:
    undici-types: "npm:~5.26.4"
  checksum: 3342df87258d1c56154bcd4b85180f48675427b235971e6e6e2e037353f5a2ae9aaa05ba5df0fe1e2d2f1022c8d856fd39056b9d7f50ea30c0ca3214137cae1d
  languageName: node
  linkType: hard

"@types/unist@npm:*, @types/unist@npm:^3.0.0":
  version: 3.0.2
  resolution: "@types/unist@npm:3.0.2"
  checksum: 3d04d0be69316e5f14599a0d993a208606c12818cf631fd399243d1dc7a9bd8a3917d6066baa6abc290814afbd744621484756803c80cba892c39cd4b4a85616
  languageName: node
  linkType: hard

"@types/unist@npm:^2.0.0":
  version: 2.0.10
  resolution: "@types/unist@npm:2.0.10"
  checksum: e2924e18dedf45f68a5c6ccd6015cd62f1643b1b43baac1854efa21ae9e70505db94290434a23da1137d9e31eb58e54ca175982005698ac37300a1c889f6c4aa
  languageName: node
  linkType: hard

"acorn-jsx@npm:^5.0.0":
  version: 5.3.2
  resolution: "acorn-jsx@npm:5.3.2"
  peerDependencies:
    acorn: ^6.0.0 || ^7.0.0 || ^8.0.0
  checksum: d4371eaef7995530b5b5ca4183ff6f062ca17901a6d3f673c9ac011b01ede37e7a1f7f61f8f5cfe709e88054757bb8f3277dc4061087cdf4f2a1f90ccbcdb977
  languageName: node
  linkType: hard

"acorn@npm:^8.0.0":
  version: 8.11.3
  resolution: "acorn@npm:8.11.3"
  bin:
    acorn: bin/acorn
  checksum: b688e7e3c64d9bfb17b596e1b35e4da9d50553713b3b3630cf5690f2b023a84eac90c56851e6912b483fe60e8b4ea28b254c07e92f17ef83d72d78745a8352dd
  languageName: node
  linkType: hard

"bail@npm:^2.0.0":
  version: 2.0.2
  resolution: "bail@npm:2.0.2"
  checksum: aab4e8ccdc8d762bf3fdfce8e706601695620c0c2eda256dd85088dc0be3cfd7ff126f6e99c2bee1f24f5d418414aacf09d7f9702f16d6963df2fa488cda8824
  languageName: node
  linkType: hard

"ccount@npm:^2.0.0":
  version: 2.0.1
  resolution: "ccount@npm:2.0.1"
  checksum: 48193dada54c9e260e0acf57fc16171a225305548f9ad20d5471e0f7a8c026aedd8747091dccb0d900cde7df4e4ddbd235df0d8de4a64c71b12f0d3303eeafd4
  languageName: node
  linkType: hard

"chalk@npm:^5.3.0":
  version: 5.3.0
  resolution: "chalk@npm:5.3.0"
  checksum: 6373caaab21bd64c405bfc4bd9672b145647fc9482657b5ea1d549b3b2765054e9d3d928870cdf764fb4aad67555f5061538ff247b8310f110c5c888d92397ea
  languageName: node
  linkType: hard

"character-entities-html4@npm:^2.0.0":
  version: 2.1.0
  resolution: "character-entities-html4@npm:2.1.0"
  checksum: 7034aa7c7fa90309667f6dd50499c8a760c3d3a6fb159adb4e0bada0107d194551cdbad0714302f62d06ce4ed68565c8c2e15fdef2e8f8764eb63fa92b34b11d
  languageName: node
  linkType: hard

"character-entities-legacy@npm:^3.0.0":
  version: 3.0.0
  resolution: "character-entities-legacy@npm:3.0.0"
  checksum: 7582af055cb488b626d364b7d7a4e46b06abd526fb63c0e4eb35bcb9c9799cc4f76b39f34fdccef2d1174ac95e53e9ab355aae83227c1a2505877893fce77731
  languageName: node
  linkType: hard

"character-entities@npm:^2.0.0":
  version: 2.0.2
  resolution: "character-entities@npm:2.0.2"
  checksum: c8dd1f4bf1a92fccf7d2fad9673660a88b37854557d30f6076c32fedfb92d1420208298829ff1d3b6b4fa1c7012e8326c45e7f5c3ed1e9a09ec177593c521b2f
  languageName: node
  linkType: hard

"character-reference-invalid@npm:^2.0.0":
  version: 2.0.1
  resolution: "character-reference-invalid@npm:2.0.1"
  checksum: 98d3b1a52ae510b7329e6ee7f6210df14f1e318c5415975d4c9e7ee0ef4c07875d47c6e74230c64551f12f556b4a8ccc24d9f3691a2aa197019e72a95e9297ee
  languageName: node
  linkType: hard

"debug@npm:^4.0.0":
  version: 4.3.4
  resolution: "debug@npm:4.3.4"
  dependencies:
    ms: "npm:2.1.2"
  peerDependenciesMeta:
    supports-color:
      optional: true
  checksum: 0073c3bcbd9cb7d71dd5f6b55be8701af42df3e56e911186dfa46fac3a5b9eb7ce7f377dd1d3be6db8977221f8eb333d945216f645cf56f6b688cd484837d255
  languageName: node
  linkType: hard

"decode-named-character-reference@npm:^1.0.0":
  version: 1.0.2
  resolution: "decode-named-character-reference@npm:1.0.2"
  dependencies:
    character-entities: "npm:^2.0.0"
  checksum: f4c71d3b93105f20076052f9cb1523a22a9c796b8296cd35eef1ca54239c78d182c136a848b83ff8da2071e3ae2b1d300bf29d00650a6d6e675438cc31b11d78
  languageName: node
  linkType: hard

"dequal@npm:^2.0.0":
  version: 2.0.3
  resolution: "dequal@npm:2.0.3"
  checksum: 6ff05a7561f33603df87c45e389c9ac0a95e3c056be3da1a0c4702149e3a7f6fe5ffbb294478687ba51a9e95f3a60e8b6b9005993acd79c292c7d15f71964b6b
  languageName: node
  linkType: hard

"devlop@npm:^1.0.0, devlop@npm:^1.1.0":
  version: 1.1.0
  resolution: "devlop@npm:1.1.0"
  dependencies:
    dequal: "npm:^2.0.0"
  checksum: 3cc5f903d02d279d6dc4aa71ab6ed9898b9f4d1f861cc5421ce7357893c21b9520de78afb203c92bd650a6977ad0ca98195453a0707a39958cf5fea3b0a8ddd8
  languageName: node
  linkType: hard

"estree-util-is-identifier-name@npm:^3.0.0":
  version: 3.0.0
  resolution: "estree-util-is-identifier-name@npm:3.0.0"
  checksum: cdc9187614fdb269d714eddfdf72c270a79daa9ed51e259bb78527983be6dcc68da6a914ccc41175b662194c67fbd2a1cd262f85fac1eef7111cfddfaf6f77f8
  languageName: node
  linkType: hard

"estree-util-visit@npm:^2.0.0":
  version: 2.0.0
  resolution: "estree-util-visit@npm:2.0.0"
  dependencies:
    "@types/estree-jsx": "npm:^1.0.0"
    "@types/unist": "npm:^3.0.0"
  checksum: e3c39d34c8b42fc2067dfa64d460f754b43cca4b573b031a5e5bb185e02c4efc753353197815bbb094b8149a781ab76f18116bec8056b5ff375162e68bffa0bd
  languageName: node
  linkType: hard

"extend@npm:^3.0.0":
  version: 3.0.2
  resolution: "extend@npm:3.0.2"
  checksum: 59e89e2dc798ec0f54b36d82f32a27d5f6472c53974f61ca098db5d4648430b725387b53449a34df38fd0392045434426b012f302b3cc049a6500ccf82877e4e
  languageName: node
  linkType: hard

"inherits@npm:2.0.3":
  version: 2.0.3
  resolution: "inherits@npm:2.0.3"
  checksum: 8771303d66c51be433b564427c16011a8e3fbc3449f1f11ea50efb30a4369495f1d0e89f0fc12bdec0bd7e49102ced5d137e031d39ea09821cb3c717fcf21e69
  languageName: node
  linkType: hard

"is-alphabetical@npm:^2.0.0":
  version: 2.0.1
  resolution: "is-alphabetical@npm:2.0.1"
  checksum: 56207db8d9de0850f0cd30f4966bf731eb82cedfe496cbc2e97e7c3bacaf66fc54a972d2d08c0d93bb679cb84976a05d24c5ad63de56fabbfc60aadae312edaa
  languageName: node
  linkType: hard

"is-alphanumerical@npm:^2.0.0":
  version: 2.0.1
  resolution: "is-alphanumerical@npm:2.0.1"
  dependencies:
    is-alphabetical: "npm:^2.0.0"
    is-decimal: "npm:^2.0.0"
  checksum: 87acc068008d4c9c4e9f5bd5e251041d42e7a50995c77b1499cf6ed248f971aadeddb11f239cabf09f7975ee58cac7a48ffc170b7890076d8d227b24a68663c9
  languageName: node
  linkType: hard

"is-decimal@npm:^2.0.0":
  version: 2.0.1
  resolution: "is-decimal@npm:2.0.1"
  checksum: 97132de7acdce77caa7b797632970a2ecd649a88e715db0e4dbc00ab0708b5e7574ba5903962c860cd4894a14fd12b100c0c4ac8aed445cf6f55c6cf747a4158
  languageName: node
  linkType: hard

"is-hexadecimal@npm:^2.0.0":
  version: 2.0.1
  resolution: "is-hexadecimal@npm:2.0.1"
  checksum: 66a2ea85994c622858f063f23eda506db29d92b52580709eb6f4c19550552d4dcf3fb81952e52f7cf972097237959e00adc7bb8c9400cd12886e15bf06145321
  languageName: node
  linkType: hard

"is-plain-obj@npm:^4.0.0":
  version: 4.1.0
  resolution: "is-plain-obj@npm:4.1.0"
  checksum: 6dc45da70d04a81f35c9310971e78a6a3c7a63547ef782e3a07ee3674695081b6ca4e977fbb8efc48dae3375e0b34558d2bcd722aec9bddfa2d7db5b041be8ce
  languageName: node
  linkType: hard

"kleur@npm:^3.0.3":
  version: 3.0.3
  resolution: "kleur@npm:3.0.3"
  checksum: 0c0ecaf00a5c6173d25059c7db2113850b5457016dfa1d0e3ef26da4704fbb186b4938d7611246d86f0ddf1bccf26828daa5877b1f232a65e7373d0122a83e7f
  languageName: node
  linkType: hard

"longest-streak@npm:^3.0.0":
  version: 3.1.0
  resolution: "longest-streak@npm:3.1.0"
  checksum: d7f952ed004cbdb5c8bcfc4f7f5c3d65449e6c5a9e9be4505a656e3df5a57ee125f284286b4bf8ecea0c21a7b3bf2b8f9001ad506c319b9815ad6a63a47d0fd0
  languageName: node
  linkType: hard

"mdast-util-from-markdown@npm:^2.0.0":
  version: 2.0.0
  resolution: "mdast-util-from-markdown@npm:2.0.0"
  dependencies:
    "@types/mdast": "npm:^4.0.0"
    "@types/unist": "npm:^3.0.0"
    decode-named-character-reference: "npm:^1.0.0"
    devlop: "npm:^1.0.0"
    mdast-util-to-string: "npm:^4.0.0"
    micromark: "npm:^4.0.0"
    micromark-util-decode-numeric-character-reference: "npm:^2.0.0"
    micromark-util-decode-string: "npm:^2.0.0"
    micromark-util-normalize-identifier: "npm:^2.0.0"
    micromark-util-symbol: "npm:^2.0.0"
    micromark-util-types: "npm:^2.0.0"
    unist-util-stringify-position: "npm:^4.0.0"
  checksum: 960e28a8ff3d989cc25a615d14e9a1d95d145b938dc08323ce44689be6dd052ece544d2acf5242cedb8ad6ccdc3ffe854989b7c2516c6e62f2fca42b6d11a2da
  languageName: node
  linkType: hard

"mdast-util-mdx-expression@npm:^2.0.0":
  version: 2.0.0
  resolution: "mdast-util-mdx-expression@npm:2.0.0"
  dependencies:
    "@types/estree-jsx": "npm:^1.0.0"
    "@types/hast": "npm:^3.0.0"
    "@types/mdast": "npm:^4.0.0"
    devlop: "npm:^1.0.0"
    mdast-util-from-markdown: "npm:^2.0.0"
    mdast-util-to-markdown: "npm:^2.0.0"
  checksum: 378f3cbc899e95a07f3889e413ed353597331790fdbd6b9efd24bee4fb1eae11e10d35785a86e3967f301ad445b218a4d4f9af4f1453cc58e7c6a6c02a178a8a
  languageName: node
  linkType: hard

"mdast-util-mdx-jsx@npm:^3.0.0":
  version: 3.1.0
  resolution: "mdast-util-mdx-jsx@npm:3.1.0"
  dependencies:
    "@types/estree-jsx": "npm:^1.0.0"
    "@types/hast": "npm:^3.0.0"
    "@types/mdast": "npm:^4.0.0"
    "@types/unist": "npm:^3.0.0"
    ccount: "npm:^2.0.0"
    devlop: "npm:^1.1.0"
    mdast-util-from-markdown: "npm:^2.0.0"
    mdast-util-to-markdown: "npm:^2.0.0"
    parse-entities: "npm:^4.0.0"
    stringify-entities: "npm:^4.0.0"
    unist-util-remove-position: "npm:^5.0.0"
    unist-util-stringify-position: "npm:^4.0.0"
    vfile-message: "npm:^4.0.0"
  checksum: 6b502452bdee7e65c016238c4192a86fd69f11f97e6a1c294fe7af4feb701230265a9421b7703edcb87ef45ec788591d11e99108df8566a24493e2a8111406b0
  languageName: node
  linkType: hard

"mdast-util-mdx@npm:^3.0.0":
  version: 3.0.0
  resolution: "mdast-util-mdx@npm:3.0.0"
  dependencies:
    mdast-util-from-markdown: "npm:^2.0.0"
    mdast-util-mdx-expression: "npm:^2.0.0"
    mdast-util-mdx-jsx: "npm:^3.0.0"
    mdast-util-mdxjs-esm: "npm:^2.0.0"
    mdast-util-to-markdown: "npm:^2.0.0"
  checksum: 547d928f0d1e60d9087cd8ad301cdf2e1d14b094d2662a00292874b923bcb59323bdad3a29804c7f323ad78f4d3954361bfdaf4a9be765c4e6fe47a815df50c2
  languageName: node
  linkType: hard

"mdast-util-mdxjs-esm@npm:^2.0.0":
  version: 2.0.1
  resolution: "mdast-util-mdxjs-esm@npm:2.0.1"
  dependencies:
    "@types/estree-jsx": "npm:^1.0.0"
    "@types/hast": "npm:^3.0.0"
    "@types/mdast": "npm:^4.0.0"
    devlop: "npm:^1.0.0"
    mdast-util-from-markdown: "npm:^2.0.0"
    mdast-util-to-markdown: "npm:^2.0.0"
  checksum: 05474226e163a3f407fccb5780b0d8585a95e548e5da4a85227df43f281b940c7941a9a9d4af1be4f885fe554731647addb057a728e87aa1f503ff9cc72c9163
  languageName: node
  linkType: hard

"mdast-util-phrasing@npm:^4.0.0":
  version: 4.1.0
  resolution: "mdast-util-phrasing@npm:4.1.0"
  dependencies:
    "@types/mdast": "npm:^4.0.0"
    unist-util-is: "npm:^6.0.0"
  checksum: 3a97533e8ad104a422f8bebb34b3dde4f17167b8ed3a721cf9263c7416bd3447d2364e6d012a594aada40cac9e949db28a060bb71a982231693609034ed5324e
  languageName: node
  linkType: hard

"mdast-util-to-markdown@npm:^2.0.0":
  version: 2.1.0
  resolution: "mdast-util-to-markdown@npm:2.1.0"
  dependencies:
    "@types/mdast": "npm:^4.0.0"
    "@types/unist": "npm:^3.0.0"
    longest-streak: "npm:^3.0.0"
    mdast-util-phrasing: "npm:^4.0.0"
    mdast-util-to-string: "npm:^4.0.0"
    micromark-util-decode-string: "npm:^2.0.0"
    unist-util-visit: "npm:^5.0.0"
    zwitch: "npm:^2.0.0"
  checksum: 1c66462feab6bf574566d8f20912ccb11d43f6658a93dee068610cd39a5d9377dfb34ea7109c9467d485466300a116e74236b174fcb9fc34f1d16fc3917e0d7c
  languageName: node
  linkType: hard

"mdast-util-to-string@npm:^4.0.0":
  version: 4.0.0
  resolution: "mdast-util-to-string@npm:4.0.0"
  dependencies:
    "@types/mdast": "npm:^4.0.0"
  checksum: f4a5dbb9ea03521d7d3e26a9ba5652a1d6fbd55706dddd2155427517085688830e0ecd3f12418cfd40892640886eb39a4034c3c967d85e01e2fa64cfb53cff05
  languageName: node
  linkType: hard

"micromark-core-commonmark@npm:^2.0.0":
  version: 2.0.0
  resolution: "micromark-core-commonmark@npm:2.0.0"
  dependencies:
    decode-named-character-reference: "npm:^1.0.0"
    devlop: "npm:^1.0.0"
    micromark-factory-destination: "npm:^2.0.0"
    micromark-factory-label: "npm:^2.0.0"
    micromark-factory-space: "npm:^2.0.0"
    micromark-factory-title: "npm:^2.0.0"
    micromark-factory-whitespace: "npm:^2.0.0"
    micromark-util-character: "npm:^2.0.0"
    micromark-util-chunked: "npm:^2.0.0"
    micromark-util-classify-character: "npm:^2.0.0"
    micromark-util-html-tag-name: "npm:^2.0.0"
    micromark-util-normalize-identifier: "npm:^2.0.0"
    micromark-util-resolve-all: "npm:^2.0.0"
    micromark-util-subtokenize: "npm:^2.0.0"
    micromark-util-symbol: "npm:^2.0.0"
    micromark-util-types: "npm:^2.0.0"
  checksum: 67f6e2f062f42a7ae21e8a409f3663843703a830ff27cf0f41cb0fb712c58e55409db428531d8124c4ef8d698cd81e7eb41485d24b8c352d2f0c06b535865367
  languageName: node
  linkType: hard

"micromark-extension-mdx-expression@npm:^3.0.0":
  version: 3.0.0
  resolution: "micromark-extension-mdx-expression@npm:3.0.0"
  dependencies:
    "@types/estree": "npm:^1.0.0"
    devlop: "npm:^1.0.0"
    micromark-factory-mdx-expression: "npm:^2.0.0"
    micromark-factory-space: "npm:^2.0.0"
    micromark-util-character: "npm:^2.0.0"
    micromark-util-events-to-acorn: "npm:^2.0.0"
    micromark-util-symbol: "npm:^2.0.0"
    micromark-util-types: "npm:^2.0.0"
  checksum: a5592160319d4617362f6b72a6fc44b5570466afa07419d44bcfdd9398a77a5693d7c5f8da7b3ff4682edf6209d4781835f5d2e3166fdf6bba37db456fd2d091
  languageName: node
  linkType: hard

"micromark-extension-mdx-jsx@npm:^3.0.0":
  version: 3.0.0
  resolution: "micromark-extension-mdx-jsx@npm:3.0.0"
  dependencies:
    "@types/acorn": "npm:^4.0.0"
    "@types/estree": "npm:^1.0.0"
    devlop: "npm:^1.0.0"
    estree-util-is-identifier-name: "npm:^3.0.0"
    micromark-factory-mdx-expression: "npm:^2.0.0"
    micromark-factory-space: "npm:^2.0.0"
    micromark-util-character: "npm:^2.0.0"
    micromark-util-symbol: "npm:^2.0.0"
    micromark-util-types: "npm:^2.0.0"
    vfile-message: "npm:^4.0.0"
  checksum: 65b3a55b4abc9207e12174caba44d05d2f15e7191161ed9536a1dd558eae9ab5a9d67689bff86869e481f33e181d69e792fc0a3c85ecaf9c11bca9111ebdffec
  languageName: node
  linkType: hard

"micromark-extension-mdx-md@npm:^2.0.0":
  version: 2.0.0
  resolution: "micromark-extension-mdx-md@npm:2.0.0"
  dependencies:
    micromark-util-types: "npm:^2.0.0"
  checksum: 8b364a69b23196075258143c8c19fa58d7d5a91f6811ec0f881b75cf024a4869994be29f84f4d281147275c5a104af8b6a7fcd98abd8fde9f5b534a1acb254e8
  languageName: node
  linkType: hard

"micromark-extension-mdxjs-esm@npm:^3.0.0":
  version: 3.0.0
  resolution: "micromark-extension-mdxjs-esm@npm:3.0.0"
  dependencies:
    "@types/estree": "npm:^1.0.0"
    devlop: "npm:^1.0.0"
    micromark-core-commonmark: "npm:^2.0.0"
    micromark-util-character: "npm:^2.0.0"
    micromark-util-events-to-acorn: "npm:^2.0.0"
    micromark-util-symbol: "npm:^2.0.0"
    micromark-util-types: "npm:^2.0.0"
    unist-util-position-from-estree: "npm:^2.0.0"
    vfile-message: "npm:^4.0.0"
  checksum: f2e0977f9a65284b0c765d1175d55ec5d1928dae3ae90f65cc36f293cda152a97fe2007977aaf5595b1bc02298b34c96e8ce8b647c9c647c75f1ea53e92d14d2
  languageName: node
  linkType: hard

"micromark-extension-mdxjs@npm:^3.0.0":
  version: 3.0.0
  resolution: "micromark-extension-mdxjs@npm:3.0.0"
  dependencies:
    acorn: "npm:^8.0.0"
    acorn-jsx: "npm:^5.0.0"
    micromark-extension-mdx-expression: "npm:^3.0.0"
    micromark-extension-mdx-jsx: "npm:^3.0.0"
    micromark-extension-mdx-md: "npm:^2.0.0"
    micromark-extension-mdxjs-esm: "npm:^3.0.0"
    micromark-util-combine-extensions: "npm:^2.0.0"
    micromark-util-types: "npm:^2.0.0"
  checksum: 66e0df7b2db05b9c88796600e354e0753594f06760abfddcac706afcd5754586c9085adb89e15447ce1450e6a5f2fa66a75f6da394e0eceb919e9c364475593e
  languageName: node
  linkType: hard

"micromark-factory-destination@npm:^2.0.0":
  version: 2.0.0
  resolution: "micromark-factory-destination@npm:2.0.0"
  dependencies:
    micromark-util-character: "npm:^2.0.0"
    micromark-util-symbol: "npm:^2.0.0"
    micromark-util-types: "npm:^2.0.0"
  checksum: d36e65ed1c072ff4148b016783148ba7c68a078991154625723e24bda3945160268fb91079fb28618e1613c2b6e70390a8ddc544c45410288aa27b413593071a
  languageName: node
  linkType: hard

"micromark-factory-label@npm:^2.0.0":
  version: 2.0.0
  resolution: "micromark-factory-label@npm:2.0.0"
  dependencies:
    devlop: "npm:^1.0.0"
    micromark-util-character: "npm:^2.0.0"
    micromark-util-symbol: "npm:^2.0.0"
    micromark-util-types: "npm:^2.0.0"
  checksum: c021dbd0ed367610d35f2bae21209bc804d1a6d1286ffce458fd6a717f4d7fe581a7cba7d5c2d7a63757c44eb927c80d6a571d6ea7969fae1b48ab6461d109c4
  languageName: node
  linkType: hard

"micromark-factory-mdx-expression@npm:^2.0.0":
  version: 2.0.1
  resolution: "micromark-factory-mdx-expression@npm:2.0.1"
  dependencies:
    "@types/estree": "npm:^1.0.0"
    devlop: "npm:^1.0.0"
    micromark-util-character: "npm:^2.0.0"
    micromark-util-events-to-acorn: "npm:^2.0.0"
    micromark-util-symbol: "npm:^2.0.0"
    micromark-util-types: "npm:^2.0.0"
    unist-util-position-from-estree: "npm:^2.0.0"
    vfile-message: "npm:^4.0.0"
  checksum: 93cf94ccbe73c22d12dfe724fd43eeab326e29e2b776e3fcc13613ad06ad5ae7fe621955445c3254893008cd205d0df9505b778716c4a75fa5bcdcefaf192673
  languageName: node
  linkType: hard

"micromark-factory-space@npm:^2.0.0":
  version: 2.0.0
  resolution: "micromark-factory-space@npm:2.0.0"
  dependencies:
    micromark-util-character: "npm:^2.0.0"
    micromark-util-types: "npm:^2.0.0"
  checksum: 4ffdcdc2f759887bbb356500cb460b3915ecddcb5d85c3618d7df68ad05d13ed02b1153ee1845677b7d8126df8f388288b84fcf0d943bd9c92bcc71cd7222e37
  languageName: node
  linkType: hard

"micromark-factory-title@npm:^2.0.0":
  version: 2.0.0
  resolution: "micromark-factory-title@npm:2.0.0"
  dependencies:
    micromark-factory-space: "npm:^2.0.0"
    micromark-util-character: "npm:^2.0.0"
    micromark-util-symbol: "npm:^2.0.0"
    micromark-util-types: "npm:^2.0.0"
  checksum: 39e1ac23af3554e6e652e56065579bc7faf21ade7b8704b29c175871b4152b7109b790bb3cae0f7e088381139c6bac9553b8400772c3d322e4fa635f813a3578
  languageName: node
  linkType: hard

"micromark-factory-whitespace@npm:^2.0.0":
  version: 2.0.0
  resolution: "micromark-factory-whitespace@npm:2.0.0"
  dependencies:
    micromark-factory-space: "npm:^2.0.0"
    micromark-util-character: "npm:^2.0.0"
    micromark-util-symbol: "npm:^2.0.0"
    micromark-util-types: "npm:^2.0.0"
  checksum: 9587c2546d1a58b4d5472b42adf05463f6212d0449455285662d63cd8eaed89c6b159ac82713fcee5f9dd88628c24307d9533cccd8971a2f3f4d48702f8f850a
  languageName: node
  linkType: hard

"micromark-util-character@npm:^2.0.0":
  version: 2.1.0
  resolution: "micromark-util-character@npm:2.1.0"
  dependencies:
    micromark-util-symbol: "npm:^2.0.0"
    micromark-util-types: "npm:^2.0.0"
  checksum: 089fe853c2bede2a48fd73d977910fa657c3cf6649eddcd300557a975c6c7f1c73030d01724a483ff1dc69a0d3ac28b43b2ba4210f5ea6414807cdcd0c2fa63c
  languageName: node
  linkType: hard

"micromark-util-chunked@npm:^2.0.0":
  version: 2.0.0
  resolution: "micromark-util-chunked@npm:2.0.0"
  dependencies:
    micromark-util-symbol: "npm:^2.0.0"
  checksum: 324f95cccdae061332a8241936eaba6ef0782a1e355bac5c607ad2564fd3744929be7dc81651315a2921535747a33243e6a5606bcb64b7a56d49b6d74ea1a3d4
  languageName: node
  linkType: hard

"micromark-util-classify-character@npm:^2.0.0":
  version: 2.0.0
  resolution: "micromark-util-classify-character@npm:2.0.0"
  dependencies:
    micromark-util-character: "npm:^2.0.0"
    micromark-util-symbol: "npm:^2.0.0"
    micromark-util-types: "npm:^2.0.0"
  checksum: 086e52904deffebb793fb1c08c94aabb8901f76958142dfc3a6282890ebaa983b285e69bd602b9d507f1b758ed38e75a994d2ad9fbbefa7de2584f67a16af405
  languageName: node
  linkType: hard

"micromark-util-combine-extensions@npm:^2.0.0":
  version: 2.0.0
  resolution: "micromark-util-combine-extensions@npm:2.0.0"
  dependencies:
    micromark-util-chunked: "npm:^2.0.0"
    micromark-util-types: "npm:^2.0.0"
  checksum: 107c47700343f365b4ed81551e18bc3458b573c500e56ac052b2490bd548adc475216e41d2271633a8867fac66fc22ba3e0a2d74a31ed79b9870ca947eb4e3ba
  languageName: node
  linkType: hard

"micromark-util-decode-numeric-character-reference@npm:^2.0.0":
  version: 2.0.1
  resolution: "micromark-util-decode-numeric-character-reference@npm:2.0.1"
  dependencies:
    micromark-util-symbol: "npm:^2.0.0"
  checksum: 9512507722efd2033a9f08715eeef787fbfe27e23edf55db21423d46d82ab46f76c89b4f960be3f5e50a2d388d89658afc0647989cf256d051e9ea01277a1adb
  languageName: node
  linkType: hard

"micromark-util-decode-string@npm:^2.0.0":
  version: 2.0.0
  resolution: "micromark-util-decode-string@npm:2.0.0"
  dependencies:
    decode-named-character-reference: "npm:^1.0.0"
    micromark-util-character: "npm:^2.0.0"
    micromark-util-decode-numeric-character-reference: "npm:^2.0.0"
    micromark-util-symbol: "npm:^2.0.0"
  checksum: a75daf32a4a6b549e9f19b4d833ebfeb09a32a9a1f9ce50f35dec6b6a3e4f9f121f49024ba7f9c91c55ebe792f7c7a332fc9604795181b6a612637df0df5b959
  languageName: node
  linkType: hard

"micromark-util-encode@npm:^2.0.0":
  version: 2.0.0
  resolution: "micromark-util-encode@npm:2.0.0"
  checksum: 853a3f33fce72aaf4ffa60b7f2b6fcfca40b270b3466e1b96561b02185d2bd8c01dd7948bc31a24ac014f4cc854e545ca9a8e9cf7ea46262f9d24c9e88551c66
  languageName: node
  linkType: hard

"micromark-util-events-to-acorn@npm:^2.0.0":
  version: 2.0.2
  resolution: "micromark-util-events-to-acorn@npm:2.0.2"
  dependencies:
    "@types/acorn": "npm:^4.0.0"
    "@types/estree": "npm:^1.0.0"
    "@types/unist": "npm:^3.0.0"
    devlop: "npm:^1.0.0"
    estree-util-visit: "npm:^2.0.0"
    micromark-util-symbol: "npm:^2.0.0"
    micromark-util-types: "npm:^2.0.0"
    vfile-message: "npm:^4.0.0"
  checksum: 475367e716c4d24f2a57464a7f2c8aa507ae36c05b7767fd652895525f3f0a1179ea3219cabccc0f3038bb5e4f9cce5390d530dc56decaa5f1786bda42739810
  languageName: node
  linkType: hard

"micromark-util-html-tag-name@npm:^2.0.0":
  version: 2.0.0
  resolution: "micromark-util-html-tag-name@npm:2.0.0"
  checksum: d786d4486f93eb0ac5b628779809ca97c5dc60f3c9fc03eb565809831db181cf8cb7f05f9ac76852f3eb35461af0f89fa407b46f3a03f4f97a96754d8dc540d8
  languageName: node
  linkType: hard

"micromark-util-normalize-identifier@npm:^2.0.0":
  version: 2.0.0
  resolution: "micromark-util-normalize-identifier@npm:2.0.0"
  dependencies:
    micromark-util-symbol: "npm:^2.0.0"
  checksum: b36da2d3fd102053dadd953ce5c558328df12a63a8ac0e5aad13d4dda8e43b6a5d4a661baafe0a1cd8a260bead4b4a8e6e0e74193dd651e8484225bd4f4e68aa
  languageName: node
  linkType: hard

"micromark-util-resolve-all@npm:^2.0.0":
  version: 2.0.0
  resolution: "micromark-util-resolve-all@npm:2.0.0"
  dependencies:
    micromark-util-types: "npm:^2.0.0"
  checksum: 31fe703b85572cb3f598ebe32750e59516925c7ff1f66cfe6afaebe0771a395a9eaa770787f2523d3c46082ea80e6c14f83643303740b3d650af7c96ebd30ccc
  languageName: node
  linkType: hard

"micromark-util-sanitize-uri@npm:^2.0.0":
  version: 2.0.0
  resolution: "micromark-util-sanitize-uri@npm:2.0.0"
  dependencies:
    micromark-util-character: "npm:^2.0.0"
    micromark-util-encode: "npm:^2.0.0"
    micromark-util-symbol: "npm:^2.0.0"
  checksum: 7d10622f5a2bb058dda6d2e95b2735c43fdf8daa4f88a0863bc90eef6598f8e10e3df98e034341fcbc090d8021c53501308c463c49d3fe91f41eb64b5bf2766e
  languageName: node
  linkType: hard

"micromark-util-subtokenize@npm:^2.0.0":
  version: 2.0.0
  resolution: "micromark-util-subtokenize@npm:2.0.0"
  dependencies:
    devlop: "npm:^1.0.0"
    micromark-util-chunked: "npm:^2.0.0"
    micromark-util-symbol: "npm:^2.0.0"
    micromark-util-types: "npm:^2.0.0"
  checksum: 4d209894f9400ff73e093a4ce3d13870cd1f546b47e50355f849c4402cecd5d2039bd63bb624f2a09aaeba01a847634088942edb42f141e4869b3a85281cf64e
  languageName: node
  linkType: hard

"micromark-util-symbol@npm:^2.0.0":
  version: 2.0.0
  resolution: "micromark-util-symbol@npm:2.0.0"
  checksum: 8c662644c326b384f02a5269974d843d400930cf6f5d6a8e6db1743fc8933f5ecc125b4203ad4ebca25447f5d23eb7e5bf1f75af34570c3fdd925cb618752fcd
  languageName: node
  linkType: hard

"micromark-util-types@npm:^2.0.0":
  version: 2.0.0
  resolution: "micromark-util-types@npm:2.0.0"
  checksum: b88e0eefd4b7c8d86b54dbf4ed0094ef56a3b0c7774d040bd5c8146b8e4e05b1026bbf1cd9308c8fcd05ecdc0784507680c8cee9888a4d3c550e6e574f7aef62
  languageName: node
  linkType: hard

"micromark@npm:^4.0.0":
  version: 4.0.0
  resolution: "micromark@npm:4.0.0"
  dependencies:
    "@types/debug": "npm:^4.0.0"
    debug: "npm:^4.0.0"
    decode-named-character-reference: "npm:^1.0.0"
    devlop: "npm:^1.0.0"
    micromark-core-commonmark: "npm:^2.0.0"
    micromark-factory-space: "npm:^2.0.0"
    micromark-util-character: "npm:^2.0.0"
    micromark-util-chunked: "npm:^2.0.0"
    micromark-util-combine-extensions: "npm:^2.0.0"
    micromark-util-decode-numeric-character-reference: "npm:^2.0.0"
    micromark-util-encode: "npm:^2.0.0"
    micromark-util-normalize-identifier: "npm:^2.0.0"
    micromark-util-resolve-all: "npm:^2.0.0"
    micromark-util-sanitize-uri: "npm:^2.0.0"
    micromark-util-subtokenize: "npm:^2.0.0"
    micromark-util-symbol: "npm:^2.0.0"
    micromark-util-types: "npm:^2.0.0"
  checksum: a697c1c0c169077f5d5def9af26985baea9d4375395dcb974a96f63761d382b455d4595a60e856c83e653b1272a732e85128d992511d6dc938d61a35bdf98c99
  languageName: node
  linkType: hard

"ms@npm:2.1.2":
  version: 2.1.2
  resolution: "ms@npm:2.1.2"
  checksum: 673cdb2c3133eb050c745908d8ce632ed2c02d85640e2edb3ace856a2266a813b30c613569bf3354fdf4ea7d1a1494add3bfa95e2713baa27d0c2c71fc44f58f
  languageName: node
  linkType: hard

"parse-entities@npm:^4.0.0":
  version: 4.0.1
  resolution: "parse-entities@npm:4.0.1"
  dependencies:
    "@types/unist": "npm:^2.0.0"
    character-entities: "npm:^2.0.0"
    character-entities-legacy: "npm:^3.0.0"
    character-reference-invalid: "npm:^2.0.0"
    decode-named-character-reference: "npm:^1.0.0"
    is-alphanumerical: "npm:^2.0.0"
    is-decimal: "npm:^2.0.0"
    is-hexadecimal: "npm:^2.0.0"
  checksum: 71314312d2482422fcf0b6675e020643bab424b11f64c654b7843652cae03842a7802eda1fed194ec435debb5db47a33513eb6b1176888e9e998a0368f01f5c8
  languageName: node
  linkType: hard

"path@npm:^0.12.7":
  version: 0.12.7
  resolution: "path@npm:0.12.7"
  dependencies:
    process: "npm:^0.11.1"
    util: "npm:^0.10.3"
  checksum: d49d101f9596613cf4cd1d4ebc4e64ba9a9df5d9cd75a410cfe87a88ce4bf0e2617ff44b92025376f7ecb02e88a6308b27f7f39d810f2335a5126f762487adfb
  languageName: node
  linkType: hard

"process@npm:^0.11.1":
  version: 0.11.10
  resolution: "process@npm:0.11.10"
  checksum: dbaa7e8d1d5cf375c36963ff43116772a989ef2bb47c9bdee20f38fd8fc061119cf38140631cf90c781aca4d3f0f0d2c834711952b728953f04fd7d238f59f5b
  languageName: node
  linkType: hard

"prompts@npm:^2.4.2":
  version: 2.4.2
  resolution: "prompts@npm:2.4.2"
  dependencies:
    kleur: "npm:^3.0.3"
    sisteransi: "npm:^1.0.5"
  checksum: c52536521a4d21eff4f2f2aa4572446cad227464066365a7167e52ccf8d9839c099f9afec1aba0eed3d5a2514b3e79e0b3e7a1dc326b9acde6b75d27ed74b1a9
  languageName: node
  linkType: hard

"remark-mdx@npm:^3.0.1":
  version: 3.0.1
  resolution: "remark-mdx@npm:3.0.1"
  dependencies:
    mdast-util-mdx: "npm:^3.0.0"
    micromark-extension-mdxjs: "npm:^3.0.0"
  checksum: aa1d9b8baf62c98d973ff3538402378ee47eef0e7adb10123421b4fde7e187b9c5820f72a11846193b6fe43983221e1078d97ed9cebbcde0938e55cb159d5455
  languageName: node
  linkType: hard

"remark-parse@npm:^11.0.0":
  version: 11.0.0
  resolution: "remark-parse@npm:11.0.0"
  dependencies:
    "@types/mdast": "npm:^4.0.0"
    mdast-util-from-markdown: "npm:^2.0.0"
    micromark-util-types: "npm:^2.0.0"
    unified: "npm:^11.0.0"
  checksum: 59d584be56ebc7c05524989c4ed86eb8a7b6e361942b705ca13a37349f60740a6073aedf7783af46ce920d09dd156148942d5e33e8be3dbcd47f818cb4bc410c
  languageName: node
  linkType: hard

"remark-stringify@npm:^11.0.0":
  version: 11.0.0
  resolution: "remark-stringify@npm:11.0.0"
  dependencies:
    "@types/mdast": "npm:^4.0.0"
    mdast-util-to-markdown: "npm:^2.0.0"
    unified: "npm:^11.0.0"
  checksum: 32b2f6093ba08e713183629b37e633e0999b6981560eec41f04fe957f76fc6f56dcc14c87c6b45419863be844c6f1130eb2dc055085fc0adc0775b1df7340348
  languageName: node
  linkType: hard

"remark@npm:^15.0.1":
  version: 15.0.1
  resolution: "remark@npm:15.0.1"
  dependencies:
    "@types/mdast": "npm:^4.0.0"
    remark-parse: "npm:^11.0.0"
    remark-stringify: "npm:^11.0.0"
    unified: "npm:^11.0.0"
  checksum: 671eae3a4482377373cbbae956e2dbc0f8c40df1c3e5e2e1e82efa248b310ef5989340e1a5a8ebe94ff14fcf9c72612f40a29d002ffc0a465e3d6d50de973839
  languageName: node
  linkType: hard

"sisteransi@npm:^1.0.5":
  version: 1.0.5
  resolution: "sisteransi@npm:1.0.5"
  checksum: aba6438f46d2bfcef94cf112c835ab395172c75f67453fe05c340c770d3c402363018ae1ab4172a1026a90c47eaccf3af7b6ff6fa749a680c2929bd7fa2b37a4
  languageName: node
  linkType: hard

"stringify-entities@npm:^4.0.0":
  version: 4.0.3
  resolution: "stringify-entities@npm:4.0.3"
  dependencies:
    character-entities-html4: "npm:^2.0.0"
    character-entities-legacy: "npm:^3.0.0"
  checksum: 3dc827fbcc9b5feb252d942a21caca89297272d857260448174ca264018726308b48e02ad492f89a2b5faebf7241be56f5a4d9cbf050cfaf5db607d6e5ceb9e7
  languageName: node
  linkType: hard

"transform-nextjs@workspace:.":
  version: 0.0.0-use.local
  resolution: "transform-nextjs@workspace:."
  dependencies:
    "@types/node": "npm:^20.11.17"
    chalk: "npm:^5.3.0"
    path: "npm:^0.12.7"
    prompts: "npm:^2.4.2"
    remark: "npm:^15.0.1"
    remark-mdx: "npm:^3.0.1"
    unist-util-is: "npm:^6.0.0"
    unist-util-visit: "npm:^5.0.0"
  languageName: unknown
  linkType: soft

"trough@npm:^2.0.0":
  version: 2.2.0
  resolution: "trough@npm:2.2.0"
  checksum: 999c1cb3db6ec63e1663f911146a90125065da37f66ba342b031d53edb22a62f56c1f934bbc61a55b2b29dd74207544cfd78875b414665c1ffadcd9a9a009eeb
  languageName: node
  linkType: hard

"undici-types@npm:~5.26.4":
  version: 5.26.5
  resolution: "undici-types@npm:5.26.5"
  checksum: 0097779d94bc0fd26f0418b3a05472410408877279141ded2bd449167be1aed7ea5b76f756562cb3586a07f251b90799bab22d9019ceba49c037c76445f7cddd
  languageName: node
  linkType: hard

"unified@npm:^11.0.0":
  version: 11.0.4
  resolution: "unified@npm:11.0.4"
  dependencies:
    "@types/unist": "npm:^3.0.0"
    bail: "npm:^2.0.0"
    devlop: "npm:^1.0.0"
    extend: "npm:^3.0.0"
    is-plain-obj: "npm:^4.0.0"
    trough: "npm:^2.0.0"
    vfile: "npm:^6.0.0"
  checksum: 425f0618d6f5e5d2ae64ec206cb6fd11f4b86fec7a785cfe2fc3a334191a91bf837eecb32858c70bcc2c08e76ce9d6a38457319f70f77399c8f496fb8e486817
  languageName: node
  linkType: hard

"unist-util-is@npm:^6.0.0":
  version: 6.0.0
  resolution: "unist-util-is@npm:6.0.0"
  dependencies:
    "@types/unist": "npm:^3.0.0"
  checksum: edd6a93fb2255addf4b9eeb304c1da63c62179aef793169dd64ab955cf2f6814885fe25f95f8105893e3562dead348af535718d7a84333826e0491c04bf42511
  languageName: node
  linkType: hard

"unist-util-position-from-estree@npm:^2.0.0":
  version: 2.0.0
  resolution: "unist-util-position-from-estree@npm:2.0.0"
  dependencies:
    "@types/unist": "npm:^3.0.0"
  checksum: d3b3048a5727c2367f64ef6dcc5b20c4717215ef8b1372ff9a7c426297c5d1e5776409938acd01531213e2cd2543218d16e73f9f862f318e9496e2c73bb18354
  languageName: node
  linkType: hard

"unist-util-remove-position@npm:^5.0.0":
  version: 5.0.0
  resolution: "unist-util-remove-position@npm:5.0.0"
  dependencies:
    "@types/unist": "npm:^3.0.0"
    unist-util-visit: "npm:^5.0.0"
  checksum: 4d89dc25e2091f9d47d92552145a26bf0e4a32d6b453e9cacac7742d730ada186ee1b820579fee3eeaa31e119850c2cb82f8b5898f977a636d7220e998626967
  languageName: node
  linkType: hard

"unist-util-stringify-position@npm:^4.0.0":
  version: 4.0.0
  resolution: "unist-util-stringify-position@npm:4.0.0"
  dependencies:
    "@types/unist": "npm:^3.0.0"
  checksum: d15c88aca7a31902d95d5b5355bbe09583cf6f6ff6e59e134ef76c76d3c30bc1021f2d7ea5b7897c6d0858ed5f3770c1b19de9c78274f50d72f95a0d05f1af71
  languageName: node
  linkType: hard

"unist-util-visit-parents@npm:^6.0.0":
  version: 6.0.1
  resolution: "unist-util-visit-parents@npm:6.0.1"
  dependencies:
    "@types/unist": "npm:^3.0.0"
    unist-util-is: "npm:^6.0.0"
  checksum: 645b3cbc5e923bc692b1eb1a9ca17bffc5aabc25e6090ff3f1489bff8effd1890b28f7a09dc853cb6a7fa0da8581bfebc9b670a68b53c4c086cb9610dfd37701
  languageName: node
  linkType: hard

"unist-util-visit@npm:^5.0.0":
  version: 5.0.0
  resolution: "unist-util-visit@npm:5.0.0"
  dependencies:
    "@types/unist": "npm:^3.0.0"
    unist-util-is: "npm:^6.0.0"
    unist-util-visit-parents: "npm:^6.0.0"
  checksum: f2bbde23641e9ade7640358c06ddeec0f38342322eb8e7819d9ee380b0f859d25d084dde22bf63db0280b3b2f36575f15aa1d6c23acf276c91c2493cf799e3b0
  languageName: node
  linkType: hard

"util@npm:^0.10.3":
  version: 0.10.4
  resolution: "util@npm:0.10.4"
  dependencies:
    inherits: "npm:2.0.3"
  checksum: 1200a1ca2b474758342b3a0c5261c56f14ef09ad7eeaec3e6f449f5776ecdfce09a153cad62652b823e74647cdcfd2918552eadd2434783dfb58dabc5061803a
  languageName: node
  linkType: hard

"vfile-message@npm:^4.0.0":
  version: 4.0.2
  resolution: "vfile-message@npm:4.0.2"
  dependencies:
    "@types/unist": "npm:^3.0.0"
    unist-util-stringify-position: "npm:^4.0.0"
  checksum: 1a5a72bf4945a7103750a3001bd979088ce42f6a01efa8590e68b2425e1afc61ddc5c76f2d3c4a7053b40332b24c09982b68743223e99281158fe727135719fc
  languageName: node
  linkType: hard

"vfile@npm:^6.0.0":
  version: 6.0.1
  resolution: "vfile@npm:6.0.1"
  dependencies:
    "@types/unist": "npm:^3.0.0"
    unist-util-stringify-position: "npm:^4.0.0"
    vfile-message: "npm:^4.0.0"
  checksum: 7f8412f9ce7709d3be4041fd68a159e2cf96f9c9a4f095bcb18d1561009757b8efb37b71d0ae087e5202fe0e3b3162aae0adf92e30e2448a45645912c23c4ab2
  languageName: node
  linkType: hard

"zwitch@npm:^2.0.0":
  version: 2.0.4
  resolution: "zwitch@npm:2.0.4"
  checksum: f22ec5fc2d5f02c423c93d35cdfa83573a3a3bd98c66b927c368ea4d0e7252a500df2a90a6b45522be536a96a73404393c958e945fdba95e6832c200791702b6
  languageName: node
  linkType: hard
